
Microsoft Visual Studio Solution File, Format Version 12.00
# Visual Studio 15
VisualStudioVersion = 15.0.28307.852
MinimumVisualStudioVersion = 10.0.40219.1
Project("{FAE04EC0-301F-11D3-BF4B-00C04F79EFBC}") = "Examen", "Examen\Examen.csproj", "{68BA1DC3-00E8-46B1-BB65-92F09DE5BC4C}"
EndProject
Global
	GlobalSection(SolutionConfigurationPlatforms) = preSolution
		Debug|Any CPU = Debug|Any CPU
		Release|Any CPU = Release|Any CPU
	EndGlobalSection
	GlobalSection(ProjectConfigurationPlatforms) = postSolution
		{68BA1DC3-00E8-46B1-BB65-92F09DE5BC4C}.Debug|Any CPU.ActiveCfg = Debug|Any CPU
		{68BA1DC3-00E8-46B1-BB65-92F09DE5BC4C}.Debug|Any CPU.Build.0 = Debug|Any CPU
		{68BA1DC3-00E8-46B1-BB65-92F09DE5BC4C}.Release|Any CPU.ActiveCfg = Release|Any CPU
		{68BA1DC3-00E8-46B1-BB65-92F09DE5BC4C}.Release|Any CPU.Build.0 = Release|Any CPU
	EndGlobalSection
	GlobalSection(SolutionProperties) = preSolution
		HideSolutionNode = FALSE
	EndGlobalSection
	GlobalSection(ExtensibilityGlobals) = postSolution
		SolutionGuid = {96BA7362-7EB0-4507-B635-F22A97B48D0B}
	EndGlobalSection
EndGlobal
